// !$*UTF8*$!
{
	archiveVersion = 1;
	classes = {
	};
	objectVersion = 51;
	objects = {

/* Begin PBXBuildFile section */
		7366EBD345781AFEA4FF371E /* Pods_englishcardTests.framework in Frameworks */ = {isa = PBXBuildFile; fileRef = E1DCD3F1D6CE2EE763074A79 /* Pods_englishcardTests.framework */; };
		D008B4780C138332CF9F0773 /* Pods_englishcard.framework in Frameworks */ = {isa = PBXBuildFile; fileRef = 789305D547CF4F0A914A8EA3 /* Pods_englishcard.framework */; };
		D7A0F3A99C71CD7D509C76C1 /* Pods_englishcard_englishcardUITests.framework in Frameworks */ = {isa = PBXBuildFile; fileRef = 093716AB10146C74D21F07FF /* Pods_englishcard_englishcardUITests.framework */; };
		FE03699A2482A743000BBB02 /* water.json in Resources */ = {isa = PBXBuildFile; fileRef = FE0369992482A742000BBB02 /* water.json */; };
		FE04B60F246A14520029E467 /* HomePageVM.swift in Sources */ = {isa = PBXBuildFile; fileRef = FE04B60E246A14520029E467 /* HomePageVM.swift */; };
		FE08148F243BACE900E62853 /* TextField.swift in Sources */ = {isa = PBXBuildFile; fileRef = FE08148E243BACE900E62853 /* TextField.swift */; };
		FE0AF7F224390D950014B72F /* SignInPage.swift in Sources */ = {isa = PBXBuildFile; fileRef = FE0AF7F124390D950014B72F /* SignInPage.swift */; };
		FE12289B24484CC900812CCC /* SelectLanguage.swift in Sources */ = {isa = PBXBuildFile; fileRef = FE12289A24484CC900812CCC /* SelectLanguage.swift */; };
		FE12289D24484D2C00812CCC /* SelectLanguageVM.swift in Sources */ = {isa = PBXBuildFile; fileRef = FE12289C24484D2C00812CCC /* SelectLanguageVM.swift */; };
		FE1696192476D3E400624E07 /* Helper.swift in Sources */ = {isa = PBXBuildFile; fileRef = FE1696182476D3E400624E07 /* Helper.swift */; };
		FE2F65F4245051EC008EEB1D /* WordCardStep2.swift in Sources */ = {isa = PBXBuildFile; fileRef = FE2F65F3245051EC008EEB1D /* WordCardStep2.swift */; };
		FE2F65F62450521B008EEB1D /* WordCardStep3.swift in Sources */ = {isa = PBXBuildFile; fileRef = FE2F65F52450521B008EEB1D /* WordCardStep3.swift */; };
		FE30C6622471D16100DE09E3 /* TwitterHeartButton.json in Resources */ = {isa = PBXBuildFile; fileRef = FE30C6612471D16100DE09E3 /* TwitterHeartButton.json */; };
		FE384B71244A7A1A003771AA /* WordCard.swift in Sources */ = {isa = PBXBuildFile; fileRef = FE384B70244A7A1A003771AA /* WordCard.swift */; };
		FE3F0EAB247B1BF800593352 /* true.mp3 in Resources */ = {isa = PBXBuildFile; fileRef = FE3F0EA9247B1BF800593352 /* true.mp3 */; };
		FE3F0EAC247B1BF800593352 /* false.mp3 in Resources */ = {isa = PBXBuildFile; fileRef = FE3F0EAA247B1BF800593352 /* false.mp3 */; };
		FE6BE6B6246C6FFE00419331 /* Words.swift in Sources */ = {isa = PBXBuildFile; fileRef = FE6BE6B5246C6FFE00419331 /* Words.swift */; };
		FE6BE6BA246C84D500419331 /* DetailsPageVM.swift in Sources */ = {isa = PBXBuildFile; fileRef = FE6BE6B9246C84D500419331 /* DetailsPageVM.swift */; };
		FE80F308246AF6A8002EA358 /* UIImage.swift in Sources */ = {isa = PBXBuildFile; fileRef = FE80F307246AF6A8002EA358 /* UIImage.swift */; };
		FE87C8022438F74700D65418 /* OnboardPage.swift in Sources */ = {isa = PBXBuildFile; fileRef = FE87C8012438F74700D65418 /* OnboardPage.swift */; };
		FE87C8042438F77200D65418 /* Onboard.swift in Sources */ = {isa = PBXBuildFile; fileRef = FE87C8032438F77200D65418 /* Onboard.swift */; };
		FE8EC0B124447EDD003CED3B /* WordsPage.swift in Sources */ = {isa = PBXBuildFile; fileRef = FE8EC0B024447EDD003CED3B /* WordsPage.swift */; };
		FE9548B62469B34D007253F7 /* Services.swift in Sources */ = {isa = PBXBuildFile; fileRef = FE9548B52469B34D007253F7 /* Services.swift */; };
		FE9548B82469B6FE007253F7 /* Category.swift in Sources */ = {isa = PBXBuildFile; fileRef = FE9548B72469B6FE007253F7 /* Category.swift */; };
		FEAF9CD6246CC47300F66572 /* WordTranslateVM.swift in Sources */ = {isa = PBXBuildFile; fileRef = FEAF9CD5246CC47300F66572 /* WordTranslateVM.swift */; };
		FEAF9CD8246CCE3900F66572 /* TranslateWord.swift in Sources */ = {isa = PBXBuildFile; fileRef = FEAF9CD7246CCE3900F66572 /* TranslateWord.swift */; };
		FEB95C48247BE2C000A7513A /* GoogleService-Info.plist in Resources */ = {isa = PBXBuildFile; fileRef = FEB95C47247BE2C000A7513A /* GoogleService-Info.plist */; };
		FEB95C4A247C0A3800A7513A /* TabBarController.swift in Sources */ = {isa = PBXBuildFile; fileRef = FEB95C49247C0A3800A7513A /* TabBarController.swift */; };
		FEC496A72438F31F00A1BA74 /* AppDelegate.swift in Sources */ = {isa = PBXBuildFile; fileRef = FEC496A62438F31F00A1BA74 /* AppDelegate.swift */; };
		FEC496A92438F31F00A1BA74 /* SceneDelegate.swift in Sources */ = {isa = PBXBuildFile; fileRef = FEC496A82438F31F00A1BA74 /* SceneDelegate.swift */; };
		FEC496AE2438F31F00A1BA74 /* Main.storyboard in Resources */ = {isa = PBXBuildFile; fileRef = FEC496AC2438F31F00A1BA74 /* Main.storyboard */; };
		FEC496B12438F31F00A1BA74 /* englishcard.xcdatamodeld in Sources */ = {isa = PBXBuildFile; fileRef = FEC496AF2438F31F00A1BA74 /* englishcard.xcdatamodeld */; };
		FEC496B32438F32100A1BA74 /* Assets.xcassets in Resources */ = {isa = PBXBuildFile; fileRef = FEC496B22438F32100A1BA74 /* Assets.xcassets */; };
		FEC496B62438F32100A1BA74 /* LaunchScreen.storyboard in Resources */ = {isa = PBXBuildFile; fileRef = FEC496B42438F32100A1BA74 /* LaunchScreen.storyboard */; };
		FEC496C12438F32100A1BA74 /* englishcardTests.swift in Sources */ = {isa = PBXBuildFile; fileRef = FEC496C02438F32100A1BA74 /* englishcardTests.swift */; };
		FEC496CC2438F32100A1BA74 /* englishcardUITests.swift in Sources */ = {isa = PBXBuildFile; fileRef = FEC496CB2438F32100A1BA74 /* englishcardUITests.swift */; };
		FEC651182475AC1D00CBCF6D /* UIButton.swift in Sources */ = {isa = PBXBuildFile; fileRef = FEC651172475AC1D00CBCF6D /* UIButton.swift */; };
		FECC317124573DA900B2E6C1 /* MemberShipProduct.swift in Sources */ = {isa = PBXBuildFile; fileRef = FECC317024573DA900B2E6C1 /* MemberShipProduct.swift */; };
		FECC3173245775E500B2E6C1 /* ProfilePage.swift in Sources */ = {isa = PBXBuildFile; fileRef = FECC3172245775E500B2E6C1 /* ProfilePage.swift */; };
		FED1C6D9246FF9AD00192181 /* CelebrationPage.swift in Sources */ = {isa = PBXBuildFile; fileRef = FED1C6D8246FF9AD00192181 /* CelebrationPage.swift */; };
		FED1C6DC246FFDF500192181 /* Enums.swift in Sources */ = {isa = PBXBuildFile; fileRef = FED1C6DB246FFDF500192181 /* Enums.swift */; };
		FEDBFB47247DA77000641DBF /* PageViewController.swift in Sources */ = {isa = PBXBuildFile; fileRef = FEDBFB46247DA77000641DBF /* PageViewController.swift */; };
		FEDC487C24570AB9000D11D6 /* MemberShipPage.swift in Sources */ = {isa = PBXBuildFile; fileRef = FEDC487B24570AB9000D11D6 /* MemberShipPage.swift */; };
		FEDC487E24570DA6000D11D6 /* MemberShip.swift in Sources */ = {isa = PBXBuildFile; fileRef = FEDC487D24570DA6000D11D6 /* MemberShip.swift */; };
		FEDC488024570E0B000D11D6 /* Settings.swift in Sources */ = {isa = PBXBuildFile; fileRef = FEDC487F24570E0B000D11D6 /* Settings.swift */; };
		FEDC488224570E34000D11D6 /* SettingsFirst.swift in Sources */ = {isa = PBXBuildFile; fileRef = FEDC488124570E34000D11D6 /* SettingsFirst.swift */; };
		FEF317A6243A9ED700ECB1EE /* SignUpPage.swift in Sources */ = {isa = PBXBuildFile; fileRef = FEF317A5243A9ED700ECB1EE /* SignUpPage.swift */; };
		FEF6868924408A3000577FA3 /* UIView.swift in Sources */ = {isa = PBXBuildFile; fileRef = FEF6868824408A3000577FA3 /* UIView.swift */; };
		FEF6868B24408E1F00577FA3 /* LanguagesPage.swift in Sources */ = {isa = PBXBuildFile; fileRef = FEF6868A24408E1F00577FA3 /* LanguagesPage.swift */; };
		FEF6868D2440A9A600577FA3 /* Languages.swift in Sources */ = {isa = PBXBuildFile; fileRef = FEF6868C2440A9A600577FA3 /* Languages.swift */; };
		FEF6868F2440E72800577FA3 /* Home.swift in Sources */ = {isa = PBXBuildFile; fileRef = FEF6868E2440E72800577FA3 /* Home.swift */; };
		FEFC48EB24429B3200CA4574 /* Details.swift in Sources */ = {isa = PBXBuildFile; fileRef = FEFC48EA24429B3200CA4574 /* Details.swift */; };
		FEFC48ED24429B8700CA4574 /* DetailsPage.swift in Sources */ = {isa = PBXBuildFile; fileRef = FEFC48EC24429B8700CA4574 /* DetailsPage.swift */; };
		FEFE1AF6243BED680024A573 /* HomePage.swift in Sources */ = {isa = PBXBuildFile; fileRef = FEFE1AF5243BED680024A573 /* HomePage.swift */; };
		FEFE1AF8243BEEC20024A573 /* SettingsPage.swift in Sources */ = {isa = PBXBuildFile; fileRef = FEFE1AF7243BEEC20024A573 /* SettingsPage.swift */; };
/* End PBXBuildFile section */

/* Begin PBXContainerItemProxy section */
		FEC496BD2438F32100A1BA74 /* PBXContainerItemProxy */ = {
			isa = PBXContainerItemProxy;
			containerPortal = FEC4969B2438F31E00A1BA74 /* Project object */;
			proxyType = 1;
			remoteGlobalIDString = FEC496A22438F31E00A1BA74;
			remoteInfo = englishcard;
		};
		FEC496C82438F32100A1BA74 /* PBXContainerItemProxy */ = {
			isa = PBXContainerItemProxy;
			containerPortal = FEC4969B2438F31E00A1BA74 /* Project object */;
			proxyType = 1;
			remoteGlobalIDString = FEC496A22438F31E00A1BA74;
			remoteInfo = englishcard;
		};
/* End PBXContainerItemProxy section */

/* Begin PBXFileReference section */
		093716AB10146C74D21F07FF /* Pods_englishcard_englishcardUITests.framework */ = {isa = PBXFileReference; explicitFileType = wrapper.framework; includeInIndex = 0; path = Pods_englishcard_englishcardUITests.framework; sourceTree = BUILT_PRODUCTS_DIR; };
		4FA72DC58112CD382FBD3256 /* Pods-englishcard-englishcardUITests.release.xcconfig */ = {isa = PBXFileReference; includeInIndex = 1; lastKnownFileType = text.xcconfig; name = "Pods-englishcard-englishcardUITests.release.xcconfig"; path = "Target Support Files/Pods-englishcard-englishcardUITests/Pods-englishcard-englishcardUITests.release.xcconfig"; sourceTree = "<group>"; };
		512F867E0E59A7636E5F602A /* Pods-englishcardTests.release.xcconfig */ = {isa = PBXFileReference; includeInIndex = 1; lastKnownFileType = text.xcconfig; name = "Pods-englishcardTests.release.xcconfig"; path = "Target Support Files/Pods-englishcardTests/Pods-englishcardTests.release.xcconfig"; sourceTree = "<group>"; };
		5827BB4DA9220007963463E7 /* Pods-englishcard.release.xcconfig */ = {isa = PBXFileReference; includeInIndex = 1; lastKnownFileType = text.xcconfig; name = "Pods-englishcard.release.xcconfig"; path = "Target Support Files/Pods-englishcard/Pods-englishcard.release.xcconfig"; sourceTree = "<group>"; };
		5FD970A4FEE75C9A04D40740 /* Pods-englishcardTests.debug.xcconfig */ = {isa = PBXFileReference; includeInIndex = 1; lastKnownFileType = text.xcconfig; name = "Pods-englishcardTests.debug.xcconfig"; path = "Target Support Files/Pods-englishcardTests/Pods-englishcardTests.debug.xcconfig"; sourceTree = "<group>"; };
		789305D547CF4F0A914A8EA3 /* Pods_englishcard.framework */ = {isa = PBXFileReference; explicitFileType = wrapper.framework; includeInIndex = 0; path = Pods_englishcard.framework; sourceTree = BUILT_PRODUCTS_DIR; };
		7904BEA18D4C819461C231DD /* Pods-englishcard.debug.xcconfig */ = {isa = PBXFileReference; includeInIndex = 1; lastKnownFileType = text.xcconfig; name = "Pods-englishcard.debug.xcconfig"; path = "Target Support Files/Pods-englishcard/Pods-englishcard.debug.xcconfig"; sourceTree = "<group>"; };
		9856B68B2B9D291DEAE04144 /* Pods-englishcard-englishcardUITests.debug.xcconfig */ = {isa = PBXFileReference; includeInIndex = 1; lastKnownFileType = text.xcconfig; name = "Pods-englishcard-englishcardUITests.debug.xcconfig"; path = "Target Support Files/Pods-englishcard-englishcardUITests/Pods-englishcard-englishcardUITests.debug.xcconfig"; sourceTree = "<group>"; };
		E1DCD3F1D6CE2EE763074A79 /* Pods_englishcardTests.framework */ = {isa = PBXFileReference; explicitFileType = wrapper.framework; includeInIndex = 0; path = Pods_englishcardTests.framework; sourceTree = BUILT_PRODUCTS_DIR; };
		FE0369992482A742000BBB02 /* water.json */ = {isa = PBXFileReference; fileEncoding = 4; lastKnownFileType = text.json; path = water.json; sourceTree = "<group>"; };
		FE04B60E246A14520029E467 /* HomePageVM.swift */ = {isa = PBXFileReference; lastKnownFileType = sourcecode.swift; path = HomePageVM.swift; sourceTree = "<group>"; };
		FE08148E243BACE900E62853 /* TextField.swift */ = {isa = PBXFileReference; lastKnownFileType = sourcecode.swift; path = TextField.swift; sourceTree = "<group>"; };
		FE0AF7F124390D950014B72F /* SignInPage.swift */ = {isa = PBXFileReference; lastKnownFileType = sourcecode.swift; path = SignInPage.swift; sourceTree = "<group>"; };
		FE12289A24484CC900812CCC /* SelectLanguage.swift */ = {isa = PBXFileReference; lastKnownFileType = sourcecode.swift; path = SelectLanguage.swift; sourceTree = "<group>"; };
		FE12289C24484D2C00812CCC /* SelectLanguageVM.swift */ = {isa = PBXFileReference; lastKnownFileType = sourcecode.swift; path = SelectLanguageVM.swift; sourceTree = "<group>"; };
		FE1696182476D3E400624E07 /* Helper.swift */ = {isa = PBXFileReference; lastKnownFileType = sourcecode.swift; path = Helper.swift; sourceTree = "<group>"; };
		FE2F65F3245051EC008EEB1D /* WordCardStep2.swift */ = {isa = PBXFileReference; lastKnownFileType = sourcecode.swift; path = WordCardStep2.swift; sourceTree = "<group>"; };
		FE2F65F52450521B008EEB1D /* WordCardStep3.swift */ = {isa = PBXFileReference; lastKnownFileType = sourcecode.swift; path = WordCardStep3.swift; sourceTree = "<group>"; };
		FE30C6612471D16100DE09E3 /* TwitterHeartButton.json */ = {isa = PBXFileReference; fileEncoding = 4; lastKnownFileType = text.json; path = TwitterHeartButton.json; sourceTree = "<group>"; };
		FE384B70244A7A1A003771AA /* WordCard.swift */ = {isa = PBXFileReference; lastKnownFileType = sourcecode.swift; path = WordCard.swift; sourceTree = "<group>"; };
		FE3F0EA9247B1BF800593352 /* true.mp3 */ = {isa = PBXFileReference; lastKnownFileType = audio.mp3; path = true.mp3; sourceTree = "<group>"; };
		FE3F0EAA247B1BF800593352 /* false.mp3 */ = {isa = PBXFileReference; lastKnownFileType = audio.mp3; path = false.mp3; sourceTree = "<group>"; };
		FE6BE6B5246C6FFE00419331 /* Words.swift */ = {isa = PBXFileReference; lastKnownFileType = sourcecode.swift; path = Words.swift; sourceTree = "<group>"; };
		FE6BE6B9246C84D500419331 /* DetailsPageVM.swift */ = {isa = PBXFileReference; lastKnownFileType = sourcecode.swift; path = DetailsPageVM.swift; sourceTree = "<group>"; };
		FE80F307246AF6A8002EA358 /* UIImage.swift */ = {isa = PBXFileReference; lastKnownFileType = sourcecode.swift; path = UIImage.swift; sourceTree = "<group>"; };
		FE87C8012438F74700D65418 /* OnboardPage.swift */ = {isa = PBXFileReference; lastKnownFileType = sourcecode.swift; path = OnboardPage.swift; sourceTree = "<group>"; };
		FE87C8032438F77200D65418 /* Onboard.swift */ = {isa = PBXFileReference; lastKnownFileType = sourcecode.swift; path = Onboard.swift; sourceTree = "<group>"; };
		FE8EC0B024447EDD003CED3B /* WordsPage.swift */ = {isa = PBXFileReference; lastKnownFileType = sourcecode.swift; path = WordsPage.swift; sourceTree = "<group>"; };
		FE9548B52469B34D007253F7 /* Services.swift */ = {isa = PBXFileReference; lastKnownFileType = sourcecode.swift; path = Services.swift; sourceTree = "<group>"; };
		FE9548B72469B6FE007253F7 /* Category.swift */ = {isa = PBXFileReference; lastKnownFileType = sourcecode.swift; path = Category.swift; sourceTree = "<group>"; };
		FEAF9CD5246CC47300F66572 /* WordTranslateVM.swift */ = {isa = PBXFileReference; lastKnownFileType = sourcecode.swift; path = WordTranslateVM.swift; sourceTree = "<group>"; };
		FEAF9CD7246CCE3900F66572 /* TranslateWord.swift */ = {isa = PBXFileReference; lastKnownFileType = sourcecode.swift; path = TranslateWord.swift; sourceTree = "<group>"; };
		FEB95C47247BE2C000A7513A /* GoogleService-Info.plist */ = {isa = PBXFileReference; fileEncoding = 4; lastKnownFileType = text.plist.xml; path = "GoogleService-Info.plist"; sourceTree = "<group>"; };
		FEB95C49247C0A3800A7513A /* TabBarController.swift */ = {isa = PBXFileReference; lastKnownFileType = sourcecode.swift; path = TabBarController.swift; sourceTree = "<group>"; };
		FEC496A32438F31F00A1BA74 /* englishcard.app */ = {isa = PBXFileReference; explicitFileType = wrapper.application; includeInIndex = 0; path = englishcard.app; sourceTree = BUILT_PRODUCTS_DIR; };
		FEC496A62438F31F00A1BA74 /* AppDelegate.swift */ = {isa = PBXFileReference; lastKnownFileType = sourcecode.swift; path = AppDelegate.swift; sourceTree = "<group>"; };
		FEC496A82438F31F00A1BA74 /* SceneDelegate.swift */ = {isa = PBXFileReference; lastKnownFileType = sourcecode.swift; path = SceneDelegate.swift; sourceTree = "<group>"; };
		FEC496AD2438F31F00A1BA74 /* Base */ = {isa = PBXFileReference; lastKnownFileType = file.storyboard; name = Base; path = Base.lproj/Main.storyboard; sourceTree = "<group>"; };
		FEC496B02438F31F00A1BA74 /* englishcard.xcdatamodel */ = {isa = PBXFileReference; lastKnownFileType = wrapper.xcdatamodel; path = englishcard.xcdatamodel; sourceTree = "<group>"; };
		FEC496B22438F32100A1BA74 /* Assets.xcassets */ = {isa = PBXFileReference; lastKnownFileType = folder.assetcatalog; path = Assets.xcassets; sourceTree = "<group>"; };
		FEC496B52438F32100A1BA74 /* Base */ = {isa = PBXFileReference; lastKnownFileType = file.storyboard; name = Base; path = Base.lproj/LaunchScreen.storyboard; sourceTree = "<group>"; };
		FEC496B72438F32100A1BA74 /* Info.plist */ = {isa = PBXFileReference; lastKnownFileType = text.plist.xml; path = Info.plist; sourceTree = "<group>"; };
		FEC496BC2438F32100A1BA74 /* englishcardTests.xctest */ = {isa = PBXFileReference; explicitFileType = wrapper.cfbundle; includeInIndex = 0; path = englishcardTests.xctest; sourceTree = BUILT_PRODUCTS_DIR; };
		FEC496C02438F32100A1BA74 /* englishcardTests.swift */ = {isa = PBXFileReference; lastKnownFileType = sourcecode.swift; path = englishcardTests.swift; sourceTree = "<group>"; };
		FEC496C22438F32100A1BA74 /* Info.plist */ = {isa = PBXFileReference; lastKnownFileType = text.plist.xml; path = Info.plist; sourceTree = "<group>"; };
		FEC496C72438F32100A1BA74 /* englishcardUITests.xctest */ = {isa = PBXFileReference; explicitFileType = wrapper.cfbundle; includeInIndex = 0; path = englishcardUITests.xctest; sourceTree = BUILT_PRODUCTS_DIR; };
		FEC496CB2438F32100A1BA74 /* englishcardUITests.swift */ = {isa = PBXFileReference; lastKnownFileType = sourcecode.swift; path = englishcardUITests.swift; sourceTree = "<group>"; };
		FEC496CD2438F32100A1BA74 /* Info.plist */ = {isa = PBXFileReference; lastKnownFileType = text.plist.xml; path = Info.plist; sourceTree = "<group>"; };
		FEC651172475AC1D00CBCF6D /* UIButton.swift */ = {isa = PBXFileReference; lastKnownFileType = sourcecode.swift; path = UIButton.swift; sourceTree = "<group>"; };
		FECC317024573DA900B2E6C1 /* MemberShipProduct.swift */ = {isa = PBXFileReference; lastKnownFileType = sourcecode.swift; path = MemberShipProduct.swift; sourceTree = "<group>"; };
		FECC3172245775E500B2E6C1 /* ProfilePage.swift */ = {isa = PBXFileReference; lastKnownFileType = sourcecode.swift; path = ProfilePage.swift; sourceTree = "<group>"; };
		FED1C6D8246FF9AD00192181 /* CelebrationPage.swift */ = {isa = PBXFileReference; lastKnownFileType = sourcecode.swift; path = CelebrationPage.swift; sourceTree = "<group>"; };
		FED1C6DB246FFDF500192181 /* Enums.swift */ = {isa = PBXFileReference; lastKnownFileType = sourcecode.swift; path = Enums.swift; sourceTree = "<group>"; };
		FEDBFB46247DA77000641DBF /* PageViewController.swift */ = {isa = PBXFileReference; lastKnownFileType = sourcecode.swift; path = PageViewController.swift; sourceTree = "<group>"; };
		FEDC487B24570AB9000D11D6 /* MemberShipPage.swift */ = {isa = PBXFileReference; lastKnownFileType = sourcecode.swift; path = MemberShipPage.swift; sourceTree = "<group>"; };
		FEDC487D24570DA6000D11D6 /* MemberShip.swift */ = {isa = PBXFileReference; lastKnownFileType = sourcecode.swift; path = MemberShip.swift; sourceTree = "<group>"; };
		FEDC487F24570E0B000D11D6 /* Settings.swift */ = {isa = PBXFileReference; lastKnownFileType = sourcecode.swift; path = Settings.swift; sourceTree = "<group>"; };
		FEDC488124570E34000D11D6 /* SettingsFirst.swift */ = {isa = PBXFileReference; lastKnownFileType = sourcecode.swift; path = SettingsFirst.swift; sourceTree = "<group>"; };
		FEF317A5243A9ED700ECB1EE /* SignUpPage.swift */ = {isa = PBXFileReference; lastKnownFileType = sourcecode.swift; path = SignUpPage.swift; sourceTree = "<group>"; };
		FEF6868824408A3000577FA3 /* UIView.swift */ = {isa = PBXFileReference; lastKnownFileType = sourcecode.swift; path = UIView.swift; sourceTree = "<group>"; };
		FEF6868A24408E1F00577FA3 /* LanguagesPage.swift */ = {isa = PBXFileReference; lastKnownFileType = sourcecode.swift; path = LanguagesPage.swift; sourceTree = "<group>"; };
		FEF6868C2440A9A600577FA3 /* Languages.swift */ = {isa = PBXFileReference; lastKnownFileType = sourcecode.swift; path = Languages.swift; sourceTree = "<group>"; };
		FEF6868E2440E72800577FA3 /* Home.swift */ = {isa = PBXFileReference; lastKnownFileType = sourcecode.swift; path = Home.swift; sourceTree = "<group>"; };
		FEFC48EA24429B3200CA4574 /* Details.swift */ = {isa = PBXFileReference; lastKnownFileType = sourcecode.swift; path = Details.swift; sourceTree = "<group>"; };
		FEFC48EC24429B8700CA4574 /* DetailsPage.swift */ = {isa = PBXFileReference; lastKnownFileType = sourcecode.swift; path = DetailsPage.swift; sourceTree = "<group>"; };
		FEFE1AF5243BED680024A573 /* HomePage.swift */ = {isa = PBXFileReference; lastKnownFileType = sourcecode.swift; path = HomePage.swift; sourceTree = "<group>"; };
		FEFE1AF7243BEEC20024A573 /* SettingsPage.swift */ = {isa = PBXFileReference; lastKnownFileType = sourcecode.swift; path = SettingsPage.swift; sourceTree = "<group>"; };
/* End PBXFileReference section */

/* Begin PBXFrameworksBuildPhase section */
		FEC496A02438F31E00A1BA74 /* Frameworks */ = {
			isa = PBXFrameworksBuildPhase;
			buildActionMask = 2147483647;
			files = (
				D008B4780C138332CF9F0773 /* Pods_englishcard.framework in Frameworks */,
			);
			runOnlyForDeploymentPostprocessing = 0;
		};
		FEC496B92438F32100A1BA74 /* Frameworks */ = {
			isa = PBXFrameworksBuildPhase;
			buildActionMask = 2147483647;
			files = (
				7366EBD345781AFEA4FF371E /* Pods_englishcardTests.framework in Frameworks */,
			);
			runOnlyForDeploymentPostprocessing = 0;
		};
		FEC496C42438F32100A1BA74 /* Frameworks */ = {
			isa = PBXFrameworksBuildPhase;
			buildActionMask = 2147483647;
			files = (
				D7A0F3A99C71CD7D509C76C1 /* Pods_englishcard_englishcardUITests.framework in Frameworks */,
			);
			runOnlyForDeploymentPostprocessing = 0;
		};
/* End PBXFrameworksBuildPhase section */

/* Begin PBXGroup section */
		48B5AD4114D0B0BE4101A5CA /* Frameworks */ = {
			isa = PBXGroup;
			children = (
				789305D547CF4F0A914A8EA3 /* Pods_englishcard.framework */,
				093716AB10146C74D21F07FF /* Pods_englishcard_englishcardUITests.framework */,
				E1DCD3F1D6CE2EE763074A79 /* Pods_englishcardTests.framework */,
			);
			name = Frameworks;
			sourceTree = "<group>";
		};
		ECBE3095AF00593DF7DE9DC5 /* Pods */ = {
			isa = PBXGroup;
			children = (
				7904BEA18D4C819461C231DD /* Pods-englishcard.debug.xcconfig */,
				5827BB4DA9220007963463E7 /* Pods-englishcard.release.xcconfig */,
				9856B68B2B9D291DEAE04144 /* Pods-englishcard-englishcardUITests.debug.xcconfig */,
				4FA72DC58112CD382FBD3256 /* Pods-englishcard-englishcardUITests.release.xcconfig */,
				5FD970A4FEE75C9A04D40740 /* Pods-englishcardTests.debug.xcconfig */,
				512F867E0E59A7636E5F602A /* Pods-englishcardTests.release.xcconfig */,
			);
			path = Pods;
			sourceTree = "<group>";
		};
		FE1696172476D3D600624E07 /* Speech */ = {
			isa = PBXGroup;
			children = (
				FE1696182476D3E400624E07 /* Helper.swift */,
			);
			path = Speech;
			sourceTree = "<group>";
		};
		FE30C65E2471C77B00DE09E3 /* Animation */ = {
			isa = PBXGroup;
			children = (
				FE0369992482A742000BBB02 /* water.json */,
				FE30C6612471D16100DE09E3 /* TwitterHeartButton.json */,
			);
			path = Animation;
			sourceTree = "<group>";
		};
		FE3F0EA8247B1BA000593352 /* Sounds */ = {
			isa = PBXGroup;
			children = (
				FE3F0EAA247B1BF800593352 /* false.mp3 */,
				FE3F0EA9247B1BF800593352 /* true.mp3 */,
			);
			path = Sounds;
			sourceTree = "<group>";
		};
		FEC4969A2438F31E00A1BA74 = {
			isa = PBXGroup;
			children = (
				FEC496A52438F31F00A1BA74 /* englishcard */,
				FEC496BF2438F32100A1BA74 /* englishcardTests */,
				FEC496CA2438F32100A1BA74 /* englishcardUITests */,
				FEC496A42438F31F00A1BA74 /* Products */,
				ECBE3095AF00593DF7DE9DC5 /* Pods */,
				48B5AD4114D0B0BE4101A5CA /* Frameworks */,
			);
			sourceTree = "<group>";
		};
		FEC496A42438F31F00A1BA74 /* Products */ = {
			isa = PBXGroup;
			children = (
				FEC496A32438F31F00A1BA74 /* englishcard.app */,
				FEC496BC2438F32100A1BA74 /* englishcardTests.xctest */,
				FEC496C72438F32100A1BA74 /* englishcardUITests.xctest */,
			);
			name = Products;
			sourceTree = "<group>";
		};
		FEC496A52438F31F00A1BA74 /* englishcard */ = {
			isa = PBXGroup;
			children = (
				FE3F0EA8247B1BA000593352 /* Sounds */,
				FE1696172476D3D600624E07 /* Speech */,
				FE30C65E2471C77B00DE09E3 /* Animation */,
				FEC496D92438F35300A1BA74 /* MVVM */,
				FEC496A62438F31F00A1BA74 /* AppDelegate.swift */,
				FEC496A82438F31F00A1BA74 /* SceneDelegate.swift */,
				FEC496AC2438F31F00A1BA74 /* Main.storyboard */,
				FEC496B22438F32100A1BA74 /* Assets.xcassets */,
				FEC496B42438F32100A1BA74 /* LaunchScreen.storyboard */,
				FEC496B72438F32100A1BA74 /* Info.plist */,
				FEC496AF2438F31F00A1BA74 /* englishcard.xcdatamodeld */,
				FEB95C47247BE2C000A7513A /* GoogleService-Info.plist */,
			);
			path = englishcard;
			sourceTree = "<group>";
		};
		FEC496BF2438F32100A1BA74 /* englishcardTests */ = {
			isa = PBXGroup;
			children = (
				FEC496C02438F32100A1BA74 /* englishcardTests.swift */,
				FEC496C22438F32100A1BA74 /* Info.plist */,
			);
			path = englishcardTests;
			sourceTree = "<group>";
		};
		FEC496CA2438F32100A1BA74 /* englishcardUITests */ = {
			isa = PBXGroup;
			children = (
				FEC496CB2438F32100A1BA74 /* englishcardUITests.swift */,
				FEC496CD2438F32100A1BA74 /* Info.plist */,
			);
			path = englishcardUITests;
			sourceTree = "<group>";
		};
		FEC496D92438F35300A1BA74 /* MVVM */ = {
			isa = PBXGroup;
			children = (
				FED1C6DA246FFDE800192181 /* Enums */,
				FEC496DE2438F39900A1BA74 /* Services */,
				FEC496DD2438F39200A1BA74 /* Extensions */,
				FEF686852440776C00577FA3 /* Cell */,
				FEC496DA2438F36500A1BA74 /* Model */,
				FEC496DC2438F38000A1BA74 /* View */,
				FEC496DB2438F37600A1BA74 /* ViewModel */,
			);
			path = MVVM;
			sourceTree = "<group>";
		};
		FEC496DA2438F36500A1BA74 /* Model */ = {
			isa = PBXGroup;
			children = (
				FE12289A24484CC900812CCC /* SelectLanguage.swift */,
				FE9548B72469B6FE007253F7 /* Category.swift */,
				FE6BE6B5246C6FFE00419331 /* Words.swift */,
				FEAF9CD7246CCE3900F66572 /* TranslateWord.swift */,
			);
			path = Model;
			sourceTree = "<group>";
		};
		FEC496DB2438F37600A1BA74 /* ViewModel */ = {
			isa = PBXGroup;
			children = (
				FE87C8032438F77200D65418 /* Onboard.swift */,
				FE12289C24484D2C00812CCC /* SelectLanguageVM.swift */,
				FE04B60E246A14520029E467 /* HomePageVM.swift */,
				FE6BE6B9246C84D500419331 /* DetailsPageVM.swift */,
				FEAF9CD5246CC47300F66572 /* WordTranslateVM.swift */,
			);
			path = ViewModel;
			sourceTree = "<group>";
		};
		FEC496DC2438F38000A1BA74 /* View */ = {
			isa = PBXGroup;
			children = (
				FE87C8012438F74700D65418 /* OnboardPage.swift */,
				FE0AF7F124390D950014B72F /* SignInPage.swift */,
				FEF317A5243A9ED700ECB1EE /* SignUpPage.swift */,
				FEFE1AF5243BED680024A573 /* HomePage.swift */,
				FEFE1AF7243BEEC20024A573 /* SettingsPage.swift */,
				FEF6868A24408E1F00577FA3 /* LanguagesPage.swift */,
				FEFC48EC24429B8700CA4574 /* DetailsPage.swift */,
				FE8EC0B024447EDD003CED3B /* WordsPage.swift */,
				FEDC487B24570AB9000D11D6 /* MemberShipPage.swift */,
				FECC3172245775E500B2E6C1 /* ProfilePage.swift */,
				FED1C6D8246FF9AD00192181 /* CelebrationPage.swift */,
				FEB95C49247C0A3800A7513A /* TabBarController.swift */,
				FEDBFB46247DA77000641DBF /* PageViewController.swift */,
			);
			path = View;
			sourceTree = "<group>";
		};
		FEC496DD2438F39200A1BA74 /* Extensions */ = {
			isa = PBXGroup;
			children = (
				FE08148E243BACE900E62853 /* TextField.swift */,
				FEF6868824408A3000577FA3 /* UIView.swift */,
				FE80F307246AF6A8002EA358 /* UIImage.swift */,
				FEC651172475AC1D00CBCF6D /* UIButton.swift */,
			);
			path = Extensions;
			sourceTree = "<group>";
		};
		FEC496DE2438F39900A1BA74 /* Services */ = {
			isa = PBXGroup;
			children = (
				FE9548B52469B34D007253F7 /* Services.swift */,
			);
			path = Services;
			sourceTree = "<group>";
		};
		FED1C6DA246FFDE800192181 /* Enums */ = {
			isa = PBXGroup;
			children = (
				FED1C6DB246FFDF500192181 /* Enums.swift */,
			);
			path = Enums;
			sourceTree = "<group>";
		};
		FEF686852440776C00577FA3 /* Cell */ = {
			isa = PBXGroup;
			children = (
				FEF6868C2440A9A600577FA3 /* Languages.swift */,
				FEF6868E2440E72800577FA3 /* Home.swift */,
				FEFC48EA24429B3200CA4574 /* Details.swift */,
				FE384B70244A7A1A003771AA /* WordCard.swift */,
				FE2F65F3245051EC008EEB1D /* WordCardStep2.swift */,
				FE2F65F52450521B008EEB1D /* WordCardStep3.swift */,
				FEDC487D24570DA6000D11D6 /* MemberShip.swift */,
				FEDC487F24570E0B000D11D6 /* Settings.swift */,
				FEDC488124570E34000D11D6 /* SettingsFirst.swift */,
				FECC317024573DA900B2E6C1 /* MemberShipProduct.swift */,
			);
			path = Cell;
			sourceTree = "<group>";
		};
/* End PBXGroup section */

/* Begin PBXNativeTarget section */
		FEC496A22438F31E00A1BA74 /* englishcard */ = {
			isa = PBXNativeTarget;
			buildConfigurationList = FEC496D02438F32100A1BA74 /* Build configuration list for PBXNativeTarget "englishcard" */;
			buildPhases = (
				313F32281499B04B43A95FAE /* [CP] Check Pods Manifest.lock */,
				FEC4969F2438F31E00A1BA74 /* Sources */,
				FEC496A02438F31E00A1BA74 /* Frameworks */,
				FEC496A12438F31E00A1BA74 /* Resources */,
				1520DC1F5541881B6B352B02 /* [CP] Embed Pods Frameworks */,
			);
			buildRules = (
			);
			dependencies = (
			);
			name = englishcard;
			productName = englishcard;
			productReference = FEC496A32438F31F00A1BA74 /* englishcard.app */;
			productType = "com.apple.product-type.application";
		};
		FEC496BB2438F32100A1BA74 /* englishcardTests */ = {
			isa = PBXNativeTarget;
			buildConfigurationList = FEC496D32438F32100A1BA74 /* Build configuration list for PBXNativeTarget "englishcardTests" */;
			buildPhases = (
				E987A6F3EA4347B7C1C59274 /* [CP] Check Pods Manifest.lock */,
				FEC496B82438F32100A1BA74 /* Sources */,
				FEC496B92438F32100A1BA74 /* Frameworks */,
				FEC496BA2438F32100A1BA74 /* Resources */,
			);
			buildRules = (
			);
			dependencies = (
				FEC496BE2438F32100A1BA74 /* PBXTargetDependency */,
			);
			name = englishcardTests;
			productName = englishcardTests;
			productReference = FEC496BC2438F32100A1BA74 /* englishcardTests.xctest */;
			productType = "com.apple.product-type.bundle.unit-test";
		};
		FEC496C62438F32100A1BA74 /* englishcardUITests */ = {
			isa = PBXNativeTarget;
			buildConfigurationList = FEC496D62438F32100A1BA74 /* Build configuration list for PBXNativeTarget "englishcardUITests" */;
			buildPhases = (
				20D626483C230177B7F7B904 /* [CP] Check Pods Manifest.lock */,
				FEC496C32438F32100A1BA74 /* Sources */,
				FEC496C42438F32100A1BA74 /* Frameworks */,
				FEC496C52438F32100A1BA74 /* Resources */,
				25CB127D808723316051E59D /* [CP] Embed Pods Frameworks */,
			);
			buildRules = (
			);
			dependencies = (
				FEC496C92438F32100A1BA74 /* PBXTargetDependency */,
			);
			name = englishcardUITests;
			productName = englishcardUITests;
			productReference = FEC496C72438F32100A1BA74 /* englishcardUITests.xctest */;
			productType = "com.apple.product-type.bundle.ui-testing";
		};
/* End PBXNativeTarget section */

/* Begin PBXProject section */
		FEC4969B2438F31E00A1BA74 /* Project object */ = {
			isa = PBXProject;
			attributes = {
				LastSwiftUpdateCheck = 1140;
				LastUpgradeCheck = 1140;
				ORGANIZATIONNAME = Ercan;
				TargetAttributes = {
					FEC496A22438F31E00A1BA74 = {
						CreatedOnToolsVersion = 11.4;
					};
					FEC496BB2438F32100A1BA74 = {
						CreatedOnToolsVersion = 11.4;
						TestTargetID = FEC496A22438F31E00A1BA74;
					};
					FEC496C62438F32100A1BA74 = {
						CreatedOnToolsVersion = 11.4;
						TestTargetID = FEC496A22438F31E00A1BA74;
					};
				};
			};
			buildConfigurationList = FEC4969E2438F31E00A1BA74 /* Build configuration list for PBXProject "englishcard" */;
			compatibilityVersion = "Xcode 9.3";
			developmentRegion = en;
			hasScannedForEncodings = 0;
			knownRegions = (
				en,
				Base,
			);
			mainGroup = FEC4969A2438F31E00A1BA74;
			productRefGroup = FEC496A42438F31F00A1BA74 /* Products */;
			projectDirPath = "";
			projectRoot = "";
			targets = (
				FEC496A22438F31E00A1BA74 /* englishcard */,
				FEC496BB2438F32100A1BA74 /* englishcardTests */,
				FEC496C62438F32100A1BA74 /* englishcardUITests */,
			);
		};
/* End PBXProject section */

/* Begin PBXResourcesBuildPhase section */
		FEC496A12438F31E00A1BA74 /* Resources */ = {
			isa = PBXResourcesBuildPhase;
			buildActionMask = 2147483647;
			files = (
				FE3F0EAC247B1BF800593352 /* false.mp3 in Resources */,
				FEC496B62438F32100A1BA74 /* LaunchScreen.storyboard in Resources */,
				FE3F0EAB247B1BF800593352 /* true.mp3 in Resources */,
				FE30C6622471D16100DE09E3 /* TwitterHeartButton.json in Resources */,
				FE03699A2482A743000BBB02 /* water.json in Resources */,
				FEC496B32438F32100A1BA74 /* Assets.xcassets in Resources */,
				FEC496AE2438F31F00A1BA74 /* Main.storyboard in Resources */,
				FEB95C48247BE2C000A7513A /* GoogleService-Info.plist in Resources */,
			);
			runOnlyForDeploymentPostprocessing = 0;
		};
		FEC496BA2438F32100A1BA74 /* Resources */ = {
			isa = PBXResourcesBuildPhase;
			buildActionMask = 2147483647;
			files = (
			);
			runOnlyForDeploymentPostprocessing = 0;
		};
		FEC496C52438F32100A1BA74 /* Resources */ = {
			isa = PBXResourcesBuildPhase;
			buildActionMask = 2147483647;
			files = (
			);
			runOnlyForDeploymentPostprocessing = 0;
		};
/* End PBXResourcesBuildPhase section */

/* Begin PBXShellScriptBuildPhase section */
		1520DC1F5541881B6B352B02 /* [CP] Embed Pods Frameworks */ = {
			isa = PBXShellScriptBuildPhase;
			buildActionMask = 2147483647;
			files = (
			);
			inputFileListPaths = (
				"${PODS_ROOT}/Target Support Files/Pods-englishcard/Pods-englishcard-frameworks-${CONFIGURATION}-input-files.xcfilelist",
			);
			name = "[CP] Embed Pods Frameworks";
			outputFileListPaths = (
				"${PODS_ROOT}/Target Support Files/Pods-englishcard/Pods-englishcard-frameworks-${CONFIGURATION}-output-files.xcfilelist",
			);
			runOnlyForDeploymentPostprocessing = 0;
			shellPath = /bin/sh;
			shellScript = "\"${PODS_ROOT}/Target Support Files/Pods-englishcard/Pods-englishcard-frameworks.sh\"\n";
			showEnvVarsInLog = 0;
		};
		20D626483C230177B7F7B904 /* [CP] Check Pods Manifest.lock */ = {
			isa = PBXShellScriptBuildPhase;
			buildActionMask = 2147483647;
			files = (
			);
			inputFileListPaths = (
			);
			inputPaths = (
				"${PODS_PODFILE_DIR_PATH}/Podfile.lock",
				"${PODS_ROOT}/Manifest.lock",
			);
			name = "[CP] Check Pods Manifest.lock";
			outputFileListPaths = (
			);
			outputPaths = (
				"$(DERIVED_FILE_DIR)/Pods-englishcard-englishcardUITests-checkManifestLockResult.txt",
			);
			runOnlyForDeploymentPostprocessing = 0;
			shellPath = /bin/sh;
			shellScript = "diff \"${PODS_PODFILE_DIR_PATH}/Podfile.lock\" \"${PODS_ROOT}/Manifest.lock\" > /dev/null\nif [ $? != 0 ] ; then\n    # print error to STDERR\n    echo \"error: The sandbox is not in sync with the Podfile.lock. Run 'pod install' or update your CocoaPods installation.\" >&2\n    exit 1\nfi\n# This output is used by Xcode 'outputs' to avoid re-running this script phase.\necho \"SUCCESS\" > \"${SCRIPT_OUTPUT_FILE_0}\"\n";
			showEnvVarsInLog = 0;
		};
		25CB127D808723316051E59D /* [CP] Embed Pods Frameworks */ = {
			isa = PBXShellScriptBuildPhase;
			buildActionMask = 2147483647;
			files = (
			);
			inputFileListPaths = (
				"${PODS_ROOT}/Target Support Files/Pods-englishcard-englishcardUITests/Pods-englishcard-englishcardUITests-frameworks-${CONFIGURATION}-input-files.xcfilelist",
			);
			name = "[CP] Embed Pods Frameworks";
			outputFileListPaths = (
				"${PODS_ROOT}/Target Support Files/Pods-englishcard-englishcardUITests/Pods-englishcard-englishcardUITests-frameworks-${CONFIGURATION}-output-files.xcfilelist",
			);
			runOnlyForDeploymentPostprocessing = 0;
			shellPath = /bin/sh;
			shellScript = "\"${PODS_ROOT}/Target Support Files/Pods-englishcard-englishcardUITests/Pods-englishcard-englishcardUITests-frameworks.sh\"\n";
			showEnvVarsInLog = 0;
		};
		313F32281499B04B43A95FAE /* [CP] Check Pods Manifest.lock */ = {
			isa = PBXShellScriptBuildPhase;
			buildActionMask = 2147483647;
			files = (
			);
			inputFileListPaths = (
			);
			inputPaths = (
				"${PODS_PODFILE_DIR_PATH}/Podfile.lock",
				"${PODS_ROOT}/Manifest.lock",
			);
			name = "[CP] Check Pods Manifest.lock";
			outputFileListPaths = (
			);
			outputPaths = (
				"$(DERIVED_FILE_DIR)/Pods-englishcard-checkManifestLockResult.txt",
			);
			runOnlyForDeploymentPostprocessing = 0;
			shellPath = /bin/sh;
			shellScript = "diff \"${PODS_PODFILE_DIR_PATH}/Podfile.lock\" \"${PODS_ROOT}/Manifest.lock\" > /dev/null\nif [ $? != 0 ] ; then\n    # print error to STDERR\n    echo \"error: The sandbox is not in sync with the Podfile.lock. Run 'pod install' or update your CocoaPods installation.\" >&2\n    exit 1\nfi\n# This output is used by Xcode 'outputs' to avoid re-running this script phase.\necho \"SUCCESS\" > \"${SCRIPT_OUTPUT_FILE_0}\"\n";
			showEnvVarsInLog = 0;
		};
		E987A6F3EA4347B7C1C59274 /* [CP] Check Pods Manifest.lock */ = {
			isa = PBXShellScriptBuildPhase;
			buildActionMask = 2147483647;
			files = (
			);
			inputFileListPaths = (
			);
			inputPaths = (
				"${PODS_PODFILE_DIR_PATH}/Podfile.lock",
				"${PODS_ROOT}/Manifest.lock",
			);
			name = "[CP] Check Pods Manifest.lock";
			outputFileListPaths = (
			);
			outputPaths = (
				"$(DERIVED_FILE_DIR)/Pods-englishcardTests-checkManifestLockResult.txt",
			);
			runOnlyForDeploymentPostprocessing = 0;
			shellPath = /bin/sh;
			shellScript = "diff \"${PODS_PODFILE_DIR_PATH}/Podfile.lock\" \"${PODS_ROOT}/Manifest.lock\" > /dev/null\nif [ $? != 0 ] ; then\n    # print error to STDERR\n    echo \"error: The sandbox is not in sync with the Podfile.lock. Run 'pod install' or update your CocoaPods installation.\" >&2\n    exit 1\nfi\n# This output is used by Xcode 'outputs' to avoid re-running this script phase.\necho \"SUCCESS\" > \"${SCRIPT_OUTPUT_FILE_0}\"\n";
			showEnvVarsInLog = 0;
		};
/* End PBXShellScriptBuildPhase section */

/* Begin PBXSourcesBuildPhase section */
		FEC4969F2438F31E00A1BA74 /* Sources */ = {
			isa = PBXSourcesBuildPhase;
			buildActionMask = 2147483647;
			files = (
				FE12289D24484D2C00812CCC /* SelectLanguageVM.swift in Sources */,
				FE6BE6B6246C6FFE00419331 /* Words.swift in Sources */,
				FEC496B12438F31F00A1BA74 /* englishcard.xcdatamodeld in Sources */,
				FEDC488024570E0B000D11D6 /* Settings.swift in Sources */,
				FE9548B82469B6FE007253F7 /* Category.swift in Sources */,
				FEFE1AF6243BED680024A573 /* HomePage.swift in Sources */,
				FEC496A72438F31F00A1BA74 /* AppDelegate.swift in Sources */,
				FED1C6DC246FFDF500192181 /* Enums.swift in Sources */,
				FEDC487C24570AB9000D11D6 /* MemberShipPage.swift in Sources */,
				FEF6868D2440A9A600577FA3 /* Languages.swift in Sources */,
				FEF6868B24408E1F00577FA3 /* LanguagesPage.swift in Sources */,
				FEF6868924408A3000577FA3 /* UIView.swift in Sources */,
				FECC3173245775E500B2E6C1 /* ProfilePage.swift in Sources */,
				FEF6868F2440E72800577FA3 /* Home.swift in Sources */,
				FE80F308246AF6A8002EA358 /* UIImage.swift in Sources */,
				FE0AF7F224390D950014B72F /* SignInPage.swift in Sources */,
				FEDC487E24570DA6000D11D6 /* MemberShip.swift in Sources */,
				FE12289B24484CC900812CCC /* SelectLanguage.swift in Sources */,
				FE08148F243BACE900E62853 /* TextField.swift in Sources */,
				FE87C8022438F74700D65418 /* OnboardPage.swift in Sources */,
				FE87C8042438F77200D65418 /* Onboard.swift in Sources */,
				FEDC488224570E34000D11D6 /* SettingsFirst.swift in Sources */,
				FEFC48EB24429B3200CA4574 /* Details.swift in Sources */,
				FE04B60F246A14520029E467 /* HomePageVM.swift in Sources */,
				FEAF9CD8246CCE3900F66572 /* TranslateWord.swift in Sources */,
				FEAF9CD6246CC47300F66572 /* WordTranslateVM.swift in Sources */,
				FEDBFB47247DA77000641DBF /* PageViewController.swift in Sources */,
				FE1696192476D3E400624E07 /* Helper.swift in Sources */,
				FE8EC0B124447EDD003CED3B /* WordsPage.swift in Sources */,
				FE6BE6BA246C84D500419331 /* DetailsPageVM.swift in Sources */,
				FECC317124573DA900B2E6C1 /* MemberShipProduct.swift in Sources */,
				FEC496A92438F31F00A1BA74 /* SceneDelegate.swift in Sources */,
				FEF317A6243A9ED700ECB1EE /* SignUpPage.swift in Sources */,
				FE2F65F4245051EC008EEB1D /* WordCardStep2.swift in Sources */,
				FE2F65F62450521B008EEB1D /* WordCardStep3.swift in Sources */,
				FE9548B62469B34D007253F7 /* Services.swift in Sources */,
				FEFE1AF8243BEEC20024A573 /* SettingsPage.swift in Sources */,
				FEC651182475AC1D00CBCF6D /* UIButton.swift in Sources */,
				FE384B71244A7A1A003771AA /* WordCard.swift in Sources */,
				FED1C6D9246FF9AD00192181 /* CelebrationPage.swift in Sources */,
				FEB95C4A247C0A3800A7513A /* TabBarController.swift in Sources */,
				FEFC48ED24429B8700CA4574 /* DetailsPage.swift in Sources */,
			);
			runOnlyForDeploymentPostprocessing = 0;
		};
		FEC496B82438F32100A1BA74 /* Sources */ = {
			isa = PBXSourcesBuildPhase;
			buildActionMask = 2147483647;
			files = (
				FEC496C12438F32100A1BA74 /* englishcardTests.swift in Sources */,
			);
			runOnlyForDeploymentPostprocessing = 0;
		};
		FEC496C32438F32100A1BA74 /* Sources */ = {
			isa = PBXSourcesBuildPhase;
			buildActionMask = 2147483647;
			files = (
				FEC496CC2438F32100A1BA74 /* englishcardUITests.swift in Sources */,
			);
			runOnlyForDeploymentPostprocessing = 0;
		};
/* End PBXSourcesBuildPhase section */

/* Begin PBXTargetDependency section */
		FEC496BE2438F32100A1BA74 /* PBXTargetDependency */ = {
			isa = PBXTargetDependency;
			target = FEC496A22438F31E00A1BA74 /* englishcard */;
			targetProxy = FEC496BD2438F32100A1BA74 /* PBXContainerItemProxy */;
		};
		FEC496C92438F32100A1BA74 /* PBXTargetDependency */ = {
			isa = PBXTargetDependency;
			target = FEC496A22438F31E00A1BA74 /* englishcard */;
			targetProxy = FEC496C82438F32100A1BA74 /* PBXContainerItemProxy */;
		};
/* End PBXTargetDependency section */

/* Begin PBXVariantGroup section */
		FEC496AC2438F31F00A1BA74 /* Main.storyboard */ = {
			isa = PBXVariantGroup;
			children = (
				FEC496AD2438F31F00A1BA74 /* Base */,
			);
			name = Main.storyboard;
			sourceTree = "<group>";
		};
		FEC496B42438F32100A1BA74 /* LaunchScreen.storyboard */ = {
			isa = PBXVariantGroup;
			children = (
				FEC496B52438F32100A1BA74 /* Base */,
			);
			name = LaunchScreen.storyboard;
			sourceTree = "<group>";
		};
/* End PBXVariantGroup section */

/* Begin XCBuildConfiguration section */
		FEC496CE2438F32100A1BA74 /* Debug */ = {
			isa = XCBuildConfiguration;
			buildSettings = {
				ALWAYS_SEARCH_USER_PATHS = NO;
				CLANG_ANALYZER_NONNULL = YES;
				CLANG_ANALYZER_NUMBER_OBJECT_CONVERSION = YES_AGGRESSIVE;
				CLANG_CXX_LANGUAGE_STANDARD = "gnu++14";
				CLANG_CXX_LIBRARY = "libc++";
				CLANG_ENABLE_MODULES = YES;
				CLANG_ENABLE_OBJC_ARC = YES;
				CLANG_ENABLE_OBJC_WEAK = YES;
				CLANG_WARN_BLOCK_CAPTURE_AUTORELEASING = YES;
				CLANG_WARN_BOOL_CONVERSION = YES;
				CLANG_WARN_COMMA = YES;
				CLANG_WARN_CONSTANT_CONVERSION = YES;
				CLANG_WARN_DEPRECATED_OBJC_IMPLEMENTATIONS = YES;
				CLANG_WARN_DIRECT_OBJC_ISA_USAGE = YES_ERROR;
				CLANG_WARN_DOCUMENTATION_COMMENTS = YES;
				CLANG_WARN_EMPTY_BODY = YES;
				CLANG_WARN_ENUM_CONVERSION = YES;
				CLANG_WARN_INFINITE_RECURSION = YES;
				CLANG_WARN_INT_CONVERSION = YES;
				CLANG_WARN_NON_LITERAL_NULL_CONVERSION = YES;
				CLANG_WARN_OBJC_IMPLICIT_RETAIN_SELF = YES;
				CLANG_WARN_OBJC_LITERAL_CONVERSION = YES;
				CLANG_WARN_OBJC_ROOT_CLASS = YES_ERROR;
				CLANG_WARN_RANGE_LOOP_ANALYSIS = YES;
				CLANG_WARN_STRICT_PROTOTYPES = YES;
				CLANG_WARN_SUSPICIOUS_MOVE = YES;
				CLANG_WARN_UNGUARDED_AVAILABILITY = YES_AGGRESSIVE;
				CLANG_WARN_UNREACHABLE_CODE = YES;
				CLANG_WARN__DUPLICATE_METHOD_MATCH = YES;
				COPY_PHASE_STRIP = NO;
				DEBUG_INFORMATION_FORMAT = dwarf;
				ENABLE_STRICT_OBJC_MSGSEND = YES;
				ENABLE_TESTABILITY = YES;
				GCC_C_LANGUAGE_STANDARD = gnu11;
				GCC_DYNAMIC_NO_PIC = NO;
				GCC_NO_COMMON_BLOCKS = YES;
				GCC_OPTIMIZATION_LEVEL = 0;
				GCC_PREPROCESSOR_DEFINITIONS = (
					"DEBUG=1",
					"$(inherited)",
				);
				GCC_WARN_64_TO_32_BIT_CONVERSION = YES;
				GCC_WARN_ABOUT_RETURN_TYPE = YES_ERROR;
				GCC_WARN_UNDECLARED_SELECTOR = YES;
				GCC_WARN_UNINITIALIZED_AUTOS = YES_AGGRESSIVE;
				GCC_WARN_UNUSED_FUNCTION = YES;
				GCC_WARN_UNUSED_VARIABLE = YES;
				IPHONEOS_DEPLOYMENT_TARGET = 13.4;
				MTL_ENABLE_DEBUG_INFO = INCLUDE_SOURCE;
				MTL_FAST_MATH = YES;
				ONLY_ACTIVE_ARCH = YES;
				SDKROOT = iphoneos;
				SWIFT_ACTIVE_COMPILATION_CONDITIONS = DEBUG;
				SWIFT_OPTIMIZATION_LEVEL = "-Onone";
			};
			name = Debug;
		};
		FEC496CF2438F32100A1BA74 /* Release */ = {
			isa = XCBuildConfiguration;
			buildSettings = {
				ALWAYS_SEARCH_USER_PATHS = NO;
				CLANG_ANALYZER_NONNULL = YES;
				CLANG_ANALYZER_NUMBER_OBJECT_CONVERSION = YES_AGGRESSIVE;
				CLANG_CXX_LANGUAGE_STANDARD = "gnu++14";
				CLANG_CXX_LIBRARY = "libc++";
				CLANG_ENABLE_MODULES = YES;
				CLANG_ENABLE_OBJC_ARC = YES;
				CLANG_ENABLE_OBJC_WEAK = YES;
				CLANG_WARN_BLOCK_CAPTURE_AUTORELEASING = YES;
				CLANG_WARN_BOOL_CONVERSION = YES;
				CLANG_WARN_COMMA = YES;
				CLANG_WARN_CONSTANT_CONVERSION = YES;
				CLANG_WARN_DEPRECATED_OBJC_IMPLEMENTATIONS = YES;
				CLANG_WARN_DIRECT_OBJC_ISA_USAGE = YES_ERROR;
				CLANG_WARN_DOCUMENTATION_COMMENTS = YES;
				CLANG_WARN_EMPTY_BODY = YES;
				CLANG_WARN_ENUM_CONVERSION = YES;
				CLANG_WARN_INFINITE_RECURSION = YES;
				CLANG_WARN_INT_CONVERSION = YES;
				CLANG_WARN_NON_LITERAL_NULL_CONVERSION = YES;
				CLANG_WARN_OBJC_IMPLICIT_RETAIN_SELF = YES;
				CLANG_WARN_OBJC_LITERAL_CONVERSION = YES;
				CLANG_WARN_OBJC_ROOT_CLASS = YES_ERROR;
				CLANG_WARN_RANGE_LOOP_ANALYSIS = YES;
				CLANG_WARN_STRICT_PROTOTYPES = YES;
				CLANG_WARN_SUSPICIOUS_MOVE = YES;
				CLANG_WARN_UNGUARDED_AVAILABILITY = YES_AGGRESSIVE;
				CLANG_WARN_UNREACHABLE_CODE = YES;
				CLANG_WARN__DUPLICATE_METHOD_MATCH = YES;
				COPY_PHASE_STRIP = NO;
				DEBUG_INFORMATION_FORMAT = "dwarf-with-dsym";
				ENABLE_NS_ASSERTIONS = NO;
				ENABLE_STRICT_OBJC_MSGSEND = YES;
				GCC_C_LANGUAGE_STANDARD = gnu11;
				GCC_NO_COMMON_BLOCKS = YES;
				GCC_WARN_64_TO_32_BIT_CONVERSION = YES;
				GCC_WARN_ABOUT_RETURN_TYPE = YES_ERROR;
				GCC_WARN_UNDECLARED_SELECTOR = YES;
				GCC_WARN_UNINITIALIZED_AUTOS = YES_AGGRESSIVE;
				GCC_WARN_UNUSED_FUNCTION = YES;
				GCC_WARN_UNUSED_VARIABLE = YES;
				IPHONEOS_DEPLOYMENT_TARGET = 13.4;
				MTL_ENABLE_DEBUG_INFO = NO;
				MTL_FAST_MATH = YES;
				SDKROOT = iphoneos;
				SWIFT_COMPILATION_MODE = wholemodule;
				SWIFT_OPTIMIZATION_LEVEL = "-O";
				VALIDATE_PRODUCT = YES;
			};
			name = Release;
		};
		FEC496D12438F32100A1BA74 /* Debug */ = {
			isa = XCBuildConfiguration;
			baseConfigurationReference = 7904BEA18D4C819461C231DD /* Pods-englishcard.debug.xcconfig */;
			buildSettings = {
				ASSETCATALOG_COMPILER_APPICON_NAME = AppIcon;
				CODE_SIGN_STYLE = Automatic;
				DEVELOPMENT_TEAM = 99WQTJ75LR;
				INFOPLIST_FILE = englishcard/Info.plist;
				LD_RUNPATH_SEARCH_PATHS = (
					"$(inherited)",
					"@executable_path/Frameworks",
				);
				PRODUCT_BUNDLE_IDENTIFIER = mypinky.net.flashcard;
				PRODUCT_NAME = "$(TARGET_NAME)";
				SWIFT_VERSION = 5.0;
				TARGETED_DEVICE_FAMILY = "1,2";
			};
			name = Debug;
		};
		FEC496D22438F32100A1BA74 /* Release */ = {
			isa = XCBuildConfiguration;
			baseConfigurationReference = 5827BB4DA9220007963463E7 /* Pods-englishcard.release.xcconfig */;
			buildSettings = {
				ASSETCATALOG_COMPILER_APPICON_NAME = AppIcon;
				CODE_SIGN_STYLE = Automatic;
				DEVELOPMENT_TEAM = 99WQTJ75LR;
				INFOPLIST_FILE = englishcard/Info.plist;
				LD_RUNPATH_SEARCH_PATHS = (
					"$(inherited)",
					"@executable_path/Frameworks",
				);
				PRODUCT_BUNDLE_IDENTIFIER = mypinky.net.flashcard;
				PRODUCT_NAME = "$(TARGET_NAME)";
				SWIFT_VERSION = 5.0;
				TARGETED_DEVICE_FAMILY = "1,2";
			};
			name = Release;
		};
		FEC496D42438F32100A1BA74 /* Debug */ = {
			isa = XCBuildConfiguration;
			baseConfigurationReference = 5FD970A4FEE75C9A04D40740 /* Pods-englishcardTests.debug.xcconfig */;
			buildSettings = {
				ALWAYS_EMBED_SWIFT_STANDARD_LIBRARIES = YES;
				BUNDLE_LOADER = "$(TEST_HOST)";
				CODE_SIGN_STYLE = Automatic;
				DEVELOPMENT_TEAM = 99WQTJ75LR;
				INFOPLIST_FILE = englishcardTests/Info.plist;
				IPHONEOS_DEPLOYMENT_TARGET = 13.4;
				LD_RUNPATH_SEARCH_PATHS = (
					"$(inherited)",
					"@executable_path/Frameworks",
					"@loader_path/Frameworks",
				);
				PRODUCT_BUNDLE_IDENTIFIER = app.com.englishcardTests;
				PRODUCT_NAME = "$(TARGET_NAME)";
				SWIFT_VERSION = 5.0;
				TARGETED_DEVICE_FAMILY = "1,2";
				TEST_HOST = "$(BUILT_PRODUCTS_DIR)/englishcard.app/englishcard";
			};
			name = Debug;
		};
		FEC496D52438F32100A1BA74 /* Release */ = {
			isa = XCBuildConfiguration;
			baseConfigurationReference = 512F867E0E59A7636E5F602A /* Pods-englishcardTests.release.xcconfig */;
			buildSettings = {
				ALWAYS_EMBED_SWIFT_STANDARD_LIBRARIES = YES;
				BUNDLE_LOADER = "$(TEST_HOST)";
				CODE_SIGN_STYLE = Automatic;
				DEVELOPMENT_TEAM = 99WQTJ75LR;
				INFOPLIST_FILE = englishcardTests/Info.plist;
				IPHONEOS_DEPLOYMENT_TARGET = 13.4;
				LD_RUNPATH_SEARCH_PATHS = (
					"$(inherited)",
					"@executable_path/Frameworks",
					"@loader_path/Frameworks",
				);
				PRODUCT_BUNDLE_IDENTIFIER = app.com.englishcardTests;
				PRODUCT_NAME = "$(TARGET_NAME)";
				SWIFT_VERSION = 5.0;
				TARGETED_DEVICE_FAMILY = "1,2";
				TEST_HOST = "$(BUILT_PRODUCTS_DIR)/englishcard.app/englishcard";
			};
			name = Release;
		};
		FEC496D72438F32100A1BA74 /* Debug */ = {
			isa = XCBuildConfiguration;
			baseConfigurationReference = 9856B68B2B9D291DEAE04144 /* Pods-englishcard-englishcardUITests.debug.xcconfig */;
			buildSettings = {
				ALWAYS_EMBED_SWIFT_STANDARD_LIBRARIES = YES;
				CODE_SIGN_STYLE = Automatic;
				DEVELOPMENT_TEAM = 99WQTJ75LR;
				INFOPLIST_FILE = englishcardUITests/Info.plist;
				LD_RUNPATH_SEARCH_PATHS = (
					"$(inherited)",
					"@executable_path/Frameworks",
					"@loader_path/Frameworks",
				);
				PRODUCT_BUNDLE_IDENTIFIER = app.com.englishcardUITests;
				PRODUCT_NAME = "$(TARGET_NAME)";
				SWIFT_VERSION = 5.0;
				TARGETED_DEVICE_FAMILY = "1,2";
				TEST_TARGET_NAME = englishcard;
			};
			name = Debug;
		};
		FEC496D82438F32100A1BA74 /* Release */ = {
			isa = XCBuildConfiguration;
			baseConfigurationReference = 4FA72DC58112CD382FBD3256 /* Pods-englishcard-englishcardUITests.release.xcconfig */;
			buildSettings = {
				ALWAYS_EMBED_SWIFT_STANDARD_LIBRARIES = YES;
				CODE_SIGN_STYLE = Automatic;
				DEVELOPMENT_TEAM = 99WQTJ75LR;
				INFOPLIST_FILE = englishcardUITests/Info.plist;
				LD_RUNPATH_SEARCH_PATHS = (
					"$(inherited)",
					"@executable_path/Frameworks",
					"@loader_path/Frameworks",
				);
				PRODUCT_BUNDLE_IDENTIFIER = app.com.englishcardUITests;
				PRODUCT_NAME = "$(TARGET_NAME)";
				SWIFT_VERSION = 5.0;
				TARGETED_DEVICE_FAMILY = "1,2";
				TEST_TARGET_NAME = englishcard;
			};
			name = Release;
		};
/* End XCBuildConfiguration section */

/* Begin XCConfigurationList section */
		FEC4969E2438F31E00A1BA74 /* Build configuration list for PBXProject "englishcard" */ = {
			isa = XCConfigurationList;
			buildConfigurations = (
				FEC496CE2438F32100A1BA74 /* Debug */,
				FEC496CF2438F32100A1BA74 /* Release */,
			);
			defaultConfigurationIsVisible = 0;
			defaultConfigurationName = Release;
		};
		FEC496D02438F32100A1BA74 /* Build configuration list for PBXNativeTarget "englishcard" */ = {
			isa = XCConfigurationList;
			buildConfigurations = (
				FEC496D12438F32100A1BA74 /* Debug */,
				FEC496D22438F32100A1BA74 /* Release */,
			);
			defaultConfigurationIsVisible = 0;
			defaultConfigurationName = Release;
		};
		FEC496D32438F32100A1BA74 /* Build configuration list for PBXNativeTarget "englishcardTests" */ = {
			isa = XCConfigurationList;
			buildConfigurations = (
				FEC496D42438F32100A1BA74 /* Debug */,
				FEC496D52438F32100A1BA74 /* Release */,
			);
			defaultConfigurationIsVisible = 0;
			defaultConfigurationName = Release;
		};
		FEC496D62438F32100A1BA74 /* Build configuration list for PBXNativeTarget "englishcardUITests" */ = {
			isa = XCConfigurationList;
			buildConfigurations = (
				FEC496D72438F32100A1BA74 /* Debug */,
				FEC496D82438F32100A1BA74 /* Release */,
			);
			defaultConfigurationIsVisible = 0;
			defaultConfigurationName = Release;
		};
/* End XCConfigurationList section */

/* Begin XCVersionGroup section */
		FEC496AF2438F31F00A1BA74 /* englishcard.xcdatamodeld */ = {
			isa = XCVersionGroup;
			children = (
				FEC496B02438F31F00A1BA74 /* englishcard.xcdatamodel */,
			);
			currentVersion = FEC496B02438F31F00A1BA74 /* englishcard.xcdatamodel */;
			path = englishcard.xcdatamodeld;
			sourceTree = "<group>";
			versionGroupType = wrapper.xcdatamodel;
		};
/* End XCVersionGroup section */
	};
	rootObject = FEC4969B2438F31E00A1BA74 /* Project object */;
}
